{
  "version": 4,
  "terraform_version": "1.13.5",
  "serial": 20,
  "lineage": "e32a2f64-8a04-6b95-0741-f2802aed40a9",
  "outputs": {
    "aws_instance_ip": {
      "value": "35.170.75.11",
      "type": "string"
    }
  },
  "resources": [
    {
      "mode": "managed",
      "type": "aws_instance",
      "name": "tomcat",
      "provider": "provider[\"registry.terraform.io/hashicorp/aws\"]",
      "instances": [
        {
          "schema_version": 2,
          "attributes": {
            "ami": "ami-0fa3fe0fa7920f68e",
            "arn": "arn:aws:ec2:us-east-1:274768220937:instance/i-01c658ee61b91560b",
            "associate_public_ip_address": true,
            "availability_zone": "us-east-1f",
            "capacity_reservation_specification": [
              {
                "capacity_reservation_preference": "open",
                "capacity_reservation_target": []
              }
            ],
            "cpu_options": [
              {
                "amd_sev_snp": "",
                "core_count": 1,
                "threads_per_core": 2
              }
            ],
            "credit_specification": [
              {
                "cpu_credits": "unlimited"
              }
            ],
            "disable_api_stop": false,
            "disable_api_termination": false,
            "ebs_block_device": [],
            "ebs_optimized": false,
            "enable_primary_ipv6": null,
            "enclave_options": [
              {
                "enabled": false
              }
            ],
            "ephemeral_block_device": [],
            "force_destroy": false,
            "get_password_data": false,
            "hibernation": false,
            "host_id": "",
            "host_resource_group_arn": null,
            "iam_instance_profile": "",
            "id": "i-01c658ee61b91560b",
            "instance_initiated_shutdown_behavior": "stop",
            "instance_lifecycle": "",
            "instance_market_options": [],
            "instance_state": "running",
            "instance_type": "t3.micro",
            "ipv6_address_count": 0,
            "ipv6_addresses": [],
            "key_name": "tomcat_key",
            "launch_template": [],
            "maintenance_options": [
              {
                "auto_recovery": "default"
              }
            ],
            "metadata_options": [
              {
                "http_endpoint": "enabled",
                "http_protocol_ipv6": "disabled",
                "http_put_response_hop_limit": 2,
                "http_tokens": "required",
                "instance_metadata_tags": "disabled"
              }
            ],
            "monitoring": false,
            "network_interface": [],
            "outpost_arn": "",
            "password_data": "",
            "placement_group": "",
            "placement_group_id": "",
            "placement_partition_number": 0,
            "primary_network_interface": [
              {
                "delete_on_termination": true,
                "network_interface_id": "eni-003d8bcda743e8038"
              }
            ],
            "primary_network_interface_id": "eni-003d8bcda743e8038",
            "private_dns": "ip-172-31-79-165.ec2.internal",
            "private_dns_name_options": [
              {
                "enable_resource_name_dns_a_record": false,
                "enable_resource_name_dns_aaaa_record": false,
                "hostname_type": "ip-name"
              }
            ],
            "private_ip": "172.31.79.165",
            "public_dns": "ec2-35-170-75-11.compute-1.amazonaws.com",
            "public_ip": "35.170.75.11",
            "region": "us-east-1",
            "root_block_device": [
              {
                "delete_on_termination": true,
                "device_name": "/dev/xvda",
                "encrypted": false,
                "iops": 3000,
                "kms_key_id": "",
                "tags": {},
                "tags_all": {},
                "throughput": 125,
                "volume_id": "vol-0198f5540e2033dcb",
                "volume_size": 8,
                "volume_type": "gp3"
              }
            ],
            "secondary_private_ips": [],
            "security_groups": [
              "tomcat_sg"
            ],
            "source_dest_check": true,
            "spot_instance_request_id": "",
            "subnet_id": "subnet-0cc6293dda30777d5",
            "tags": {
              "Name": "tomcatServerInstance"
            },
            "tags_all": {
              "Name": "tomcatServerInstance"
            },
            "tenancy": "default",
            "timeouts": null,
            "user_data": "#!/bin/bash\r\nsudo yum update -y\r\nsudo yum install -y java-17-amazon-corretto-headless\r\nsudo groupadd tomcat\r\nsudo useradd -s /bin/false -g tomcat -d /opt/tomcat tomcat\r\nwget -O tomcat.tar.gz https://dlcdn.apache.org/tomcat/tomcat-10/v10.1.49/bin/apache-tomcat-10.1.49.tar.gz\r\nsudo mkdir /opt/tomcat\r\nsudo tar xzf tomcat.tar.gz -C /opt/tomcat --strip-components=1\r\nsudo chown -R tomcat:tomcat /opt/tomcat\r\nsudo sh -c 'chmod +x /opt/tomcat/bin/*.sh'\r\nsudo echo \"\r\n      [Unit]\r\n      Description=Apache Tomcat Web Application Container\r\n      After=network.target\r\n\r\n      [Service]\r\n      Type=forking\r\n      User=tomcat\r\n      Group=tomcat\r\n      Environment=\"JAVA_HOME=/usr/lib/jvm/java-17-amazon-corretto\"\r\n      Environment=\"CATALINA_PID=/opt/tomcat/temp/tomcat.pid\"\r\n      Environment=\"CATALINA_HOME=/opt/tomcat\"\r\n      Environment=\"CATALINA_BASE=/opt/tomcat\"\r\n      ExecStart=/opt/tomcat/bin/startup.sh\r\n      ExecStop=/opt/tomcat/bin/shutdown.sh\r\n\r\n     [Install]\r\n     WantedBy=multi-user.target\r\n  \" \u003e\u003e /etc/systemd/system/tomcat.service\r\nsudo systemctl daemon-reload\r\nsudo systemctl start tomcat\r\nsudo systemctl enable tomcat\r\n\r\n",
            "user_data_base64": null,
            "user_data_replace_on_change": false,
            "volume_tags": null,
            "vpc_security_group_ids": [
              "sg-071be37a77a5ec8e4"
            ]
          },
          "sensitive_attributes": [],
          "identity_schema_version": 0,
          "identity": {
            "account_id": "274768220937",
            "id": "i-01c658ee61b91560b",
            "region": "us-east-1"
          },
          "private": "eyJlMmJmYjczMC1lY2FhLTExZTYtOGY4OC0zNDM2M2JjN2M0YzAiOnsiY3JlYXRlIjo2MDAwMDAwMDAwMDAsImRlbGV0ZSI6MTIwMDAwMDAwMDAwMCwicmVhZCI6OTAwMDAwMDAwMDAwLCJ1cGRhdGUiOjYwMDAwMDAwMDAwMH0sInNjaGVtYV92ZXJzaW9uIjoiMiJ9",
          "dependencies": [
            "aws_key_pair.tomcat_key",
            "aws_security_group.tomcat_sg"
          ]
        }
      ]
    },
    {
      "mode": "managed",
      "type": "aws_key_pair",
      "name": "tomcat_key",
      "provider": "provider[\"registry.terraform.io/hashicorp/aws\"]",
      "instances": [
        {
          "schema_version": 1,
          "attributes": {
            "arn": "arn:aws:ec2:us-east-1:274768220937:key-pair/tomcat_key",
            "fingerprint": "a4:b1:8e:93:72:1f:e4:ec:07:4b:61:71:ae:86:b0:5f",
            "id": "tomcat_key",
            "key_name": "tomcat_key",
            "key_name_prefix": "",
            "key_pair_id": "key-051f3109e1a6af292",
            "key_type": "rsa",
            "public_key": "ssh-rsa AAAAB3NzaC1yc2EAAAADAQABAAABgQC32bbF25ATLP8sWDRQdaQcvzzJjrf4V5p8yvMooIeNtuyK7udpJvmq/BeJh1RVi5z14d5K4cMTaps9OPrZV1afWjUrr6jjTPR/hFBfeW1PVq7gfkex2z9zSbui/4/4IphDJllv4LveIvaE3VFDlOufLp0o1+rQNR/qrXmYfwR5CXMLHR4bSv3/93jhldNvoa1+419yZdd36mOlKjD+XAxAjkXfkRS4bl7qL2gSFvrv3l7yHl6nfoTZOxFOUq5lpQQQkIwXwBvDo1QCD19lWR1+v9QQAyhvEAA+iDMywrJX9wcMRjnfqKfifyzfz8GEfAtCiIlbs7EAxXkwhr24IBkOTdKqJ2tCs7Ja5Q0isrNpPtZDv4po8ts6pSP97q//zrS8JyS7L14jUMKrmXEDgLTNTDUQD8DxAHV1F7VeCY+1P3zTT46DWcu5JPJM4NGdQAAlOLOYY4HzmgiCwHTRI4y8tsmBkvBvXW30GsFF21xdPLPue+6ozFWesv59wlZSTME= 91842@DESKTOP-4S9GJRV",
            "region": "us-east-1",
            "tags": null,
            "tags_all": {}
          },
          "sensitive_attributes": [],
          "identity_schema_version": 0,
          "private": "eyJzY2hlbWFfdmVyc2lvbiI6IjEifQ=="
        }
      ]
    },
    {
      "mode": "managed",
      "type": "aws_security_group",
      "name": "tomcat_sg",
      "provider": "provider[\"registry.terraform.io/hashicorp/aws\"]",
      "instances": [
        {
          "schema_version": 1,
          "attributes": {
            "arn": "arn:aws:ec2:us-east-1:274768220937:security-group/sg-071be37a77a5ec8e4",
            "description": "Allow HTTP and SSH traffic",
            "egress": [
              {
                "cidr_blocks": [
                  "0.0.0.0/0"
                ],
                "description": "",
                "from_port": 0,
                "ipv6_cidr_blocks": [],
                "prefix_list_ids": [],
                "protocol": "-1",
                "security_groups": [],
                "self": false,
                "to_port": 0
              }
            ],
            "id": "sg-071be37a77a5ec8e4",
            "ingress": [
              {
                "cidr_blocks": [
                  "0.0.0.0/0"
                ],
                "description": "",
                "from_port": 22,
                "ipv6_cidr_blocks": [],
                "prefix_list_ids": [],
                "protocol": "tcp",
                "security_groups": [],
                "self": false,
                "to_port": 22
              },
              {
                "cidr_blocks": [
                  "0.0.0.0/0"
                ],
                "description": "",
                "from_port": 8080,
                "ipv6_cidr_blocks": [],
                "prefix_list_ids": [],
                "protocol": "tcp",
                "security_groups": [],
                "self": false,
                "to_port": 8080
              }
            ],
            "name": "tomcat_sg",
            "name_prefix": "",
            "owner_id": "274768220937",
            "region": "us-east-1",
            "revoke_rules_on_delete": false,
            "tags": null,
            "tags_all": {},
            "timeouts": null,
            "vpc_id": "vpc-03a466855462f81e8"
          },
          "sensitive_attributes": [],
          "identity_schema_version": 0,
          "identity": {
            "account_id": "274768220937",
            "id": "sg-071be37a77a5ec8e4",
            "region": "us-east-1"
          },
          "private": "eyJlMmJmYjczMC1lY2FhLTExZTYtOGY4OC0zNDM2M2JjN2M0YzAiOnsiY3JlYXRlIjo2MDAwMDAwMDAwMDAsImRlbGV0ZSI6OTAwMDAwMDAwMDAwfSwic2NoZW1hX3ZlcnNpb24iOiIxIn0="
        }
      ]
    }
  ],
  "check_results": null
}
